%{
  "poolboy": {:hex, :poolboy, "1.5.2", "392b007a1693a64540cead79830443abf5762f5d30cf50bc95cb2c1aaafa006b", [:rebar3], [], "hexpm", "dad79704ce5440f3d5a3681c8590b9dc25d1a561e8f5a9c995281012860901e3"},
  "ranch": {:hex, :ranch, "2.0.0", "fbf3d79661c071543256f9051caf19d65daa6df1cf6824d8f37a49b19a66f703", [:rebar3], [], "hexpm", "c20a4840c7d6623c19812d3a7c828b2f1bd153ef0f124cb69c54fe51d8a42ae0"},
  "ssl_verify_fun": {:hex, :ssl_verify_fun, "1.1.6", "cf344f5692c82d2cd7554f5ec8fd961548d4fd09e7d22f5b62482e5aeaebd4b0", [:make, :mix, :rebar3], [], "hexpm", "bdb0d2471f453c88ff3908e7686f86f9be327d065cc1ec16fa4540197ea04680"},
}
